
Microsoft Visual Studio Solution File, Format Version 12.00
# Visual Studio Version 17
VisualStudioVersion = 17.12.35527.113
MinimumVisualStudioVersion = 10.0.40219.1
Project("{FAE04EC0-301F-11D3-BF4B-00C04F79EFBC}") = "ConsoleApp", "ConsoleApp\ConsoleApp.csproj", "{FE8ECFB8-CA55-4A35-8AD6-2652E41C3E53}"
EndProject
Project("{FAE04EC0-301F-11D3-BF4B-00C04F79EFBC}") = "WinFormsApp", "WinFormsApp\WinFormsApp.csproj", "{0EFB47BD-DA51-476D-A1DD-4DA27B3A88BA}"
EndProject
Project("{FAE04EC0-301F-11D3-BF4B-00C04F79EFBC}") = "Model", "Model\Model.csproj", "{10DF1A33-9C4B-48F9-8D8D-EE6D66DD8626}"
EndProject
Project("{FAE04EC0-301F-11D3-BF4B-00C04F79EFBC}") = "DataAccessLayer", "DataAccessLayer\DataAccessLayer.csproj", "{7FA9EF0A-D76E-4A79-BA30-D48B6E1423A7}"
	ProjectSection(ProjectDependencies) = postProject
		{10DF1A33-9C4B-48F9-8D8D-EE6D66DD8626} = {10DF1A33-9C4B-48F9-8D8D-EE6D66DD8626}
	EndProjectSection
EndProject
Project("{FAE04EC0-301F-11D3-BF4B-00C04F79EFBC}") = "BusinessLogic", "BusinessLogic\BusinessLogic.csproj", "{AC71E5A2-4AEA-4983-97E1-6F2C19D5DEAB}"
EndProject
Global
	GlobalSection(SolutionConfigurationPlatforms) = preSolution
		Debug|Any CPU = Debug|Any CPU
		Release|Any CPU = Release|Any CPU
	EndGlobalSection
	GlobalSection(ProjectConfigurationPlatforms) = postSolution
		{FE8ECFB8-CA55-4A35-8AD6-2652E41C3E53}.Debug|Any CPU.ActiveCfg = Debug|Any CPU
		{FE8ECFB8-CA55-4A35-8AD6-2652E41C3E53}.Debug|Any CPU.Build.0 = Debug|Any CPU
		{FE8ECFB8-CA55-4A35-8AD6-2652E41C3E53}.Release|Any CPU.ActiveCfg = Release|Any CPU
		{FE8ECFB8-CA55-4A35-8AD6-2652E41C3E53}.Release|Any CPU.Build.0 = Release|Any CPU
		{0EFB47BD-DA51-476D-A1DD-4DA27B3A88BA}.Debug|Any CPU.ActiveCfg = Debug|Any CPU
		{0EFB47BD-DA51-476D-A1DD-4DA27B3A88BA}.Debug|Any CPU.Build.0 = Debug|Any CPU
		{0EFB47BD-DA51-476D-A1DD-4DA27B3A88BA}.Release|Any CPU.ActiveCfg = Release|Any CPU
		{0EFB47BD-DA51-476D-A1DD-4DA27B3A88BA}.Release|Any CPU.Build.0 = Release|Any CPU
		{10DF1A33-9C4B-48F9-8D8D-EE6D66DD8626}.Debug|Any CPU.ActiveCfg = Debug|Any CPU
		{10DF1A33-9C4B-48F9-8D8D-EE6D66DD8626}.Debug|Any CPU.Build.0 = Debug|Any CPU
		{10DF1A33-9C4B-48F9-8D8D-EE6D66DD8626}.Release|Any CPU.ActiveCfg = Release|Any CPU
		{10DF1A33-9C4B-48F9-8D8D-EE6D66DD8626}.Release|Any CPU.Build.0 = Release|Any CPU
		{7FA9EF0A-D76E-4A79-BA30-D48B6E1423A7}.Debug|Any CPU.ActiveCfg = Debug|Any CPU
		{7FA9EF0A-D76E-4A79-BA30-D48B6E1423A7}.Debug|Any CPU.Build.0 = Debug|Any CPU
		{7FA9EF0A-D76E-4A79-BA30-D48B6E1423A7}.Release|Any CPU.ActiveCfg = Release|Any CPU
		{7FA9EF0A-D76E-4A79-BA30-D48B6E1423A7}.Release|Any CPU.Build.0 = Release|Any CPU
		{AC71E5A2-4AEA-4983-97E1-6F2C19D5DEAB}.Debug|Any CPU.ActiveCfg = Debug|Any CPU
		{AC71E5A2-4AEA-4983-97E1-6F2C19D5DEAB}.Debug|Any CPU.Build.0 = Debug|Any CPU
		{AC71E5A2-4AEA-4983-97E1-6F2C19D5DEAB}.Release|Any CPU.ActiveCfg = Release|Any CPU
		{AC71E5A2-4AEA-4983-97E1-6F2C19D5DEAB}.Release|Any CPU.Build.0 = Release|Any CPU
	EndGlobalSection
	GlobalSection(SolutionProperties) = preSolution
		HideSolutionNode = FALSE
	EndGlobalSection
EndGlobal
